
Microsoft Visual Studio Solution File, Format Version 12.00
# Visual Studio Version 17
VisualStudioVersion = 17.10.35013.160
MinimumVisualStudioVersion = 10.0.40219.1
Project("{FAE04EC0-301F-11D3-BF4B-00C04F79EFBC}") = "DemoWebApi", "DemoWebApi.csproj", "{48714AC7-C93E-4B75-B97A-CB8830DCA88E}"
EndProject
Global
	GlobalSection(SolutionConfigurationPlatforms) = preSolution
		Debug|Any CPU = Debug|Any CPU
		Release|Any CPU = Release|Any CPU
	EndGlobalSection
	GlobalSection(ProjectConfigurationPlatforms) = postSolution
		{48714AC7-C93E-4B75-B97A-CB8830DCA88E}.Debug|Any CPU.ActiveCfg = Debug|Any CPU
		{48714AC7-C93E-4B75-B97A-CB8830DCA88E}.Debug|Any CPU.Build.0 = Debug|Any CPU
		{48714AC7-C93E-4B75-B97A-CB8830DCA88E}.Release|Any CPU.ActiveCfg = Release|Any CPU
		{48714AC7-C93E-4B75-B97A-CB8830DCA88E}.Release|Any CPU.Build.0 = Release|Any CPU
	EndGlobalSection
	GlobalSection(SolutionProperties) = preSolution
		HideSolutionNode = FALSE
	EndGlobalSection
	GlobalSection(ExtensibilityGlobals) = postSolution
		SolutionGuid = {30649E4C-D45C-4BCF-8277-5DE73D237FB8}
	EndGlobalSection
EndGlobal
